
Microsoft Visual Studio Solution File, Format Version 12.00
# Visual Studio Version 17
VisualStudioVersion = 17.14.36518.9 d17.14
MinimumVisualStudioVersion = 10.0.40219.1
Project("{FAE04EC0-301F-11D3-BF4B-00C04F79EFBC}") = "NovemberShop", "NovemberShop\NovemberShop.csproj", "{1D0D4966-4C7A-4D10-8D08-71CDB6108C5A}"
EndProject
Global
	GlobalSection(SolutionConfigurationPlatforms) = preSolution
		Debug|Any CPU = Debug|Any CPU
		Release|Any CPU = Release|Any CPU
	EndGlobalSection
	GlobalSection(ProjectConfigurationPlatforms) = postSolution
		{1D0D4966-4C7A-4D10-8D08-71CDB6108C5A}.Debug|Any CPU.ActiveCfg = Debug|Any CPU
		{1D0D4966-4C7A-4D10-8D08-71CDB6108C5A}.Debug|Any CPU.Build.0 = Debug|Any CPU
		{1D0D4966-4C7A-4D10-8D08-71CDB6108C5A}.Release|Any CPU.ActiveCfg = Release|Any CPU
		{1D0D4966-4C7A-4D10-8D08-71CDB6108C5A}.Release|Any CPU.Build.0 = Release|Any CPU
	EndGlobalSection
	GlobalSection(SolutionProperties) = preSolution
		HideSolutionNode = FALSE
	EndGlobalSection
	GlobalSection(ExtensibilityGlobals) = postSolution
		SolutionGuid = {A576DC40-7E5A-4ED2-A37A-12C844B4F83D}
	EndGlobalSection
EndGlobal
